
Microsoft Visual Studio Solution File, Format Version 12.00
# Visual Studio Version 17
VisualStudioVersion = 17.10.35122.118
MinimumVisualStudioVersion = 10.0.40219.1
Project("{9A19103F-16F7-4668-BE54-9A1E7A4F7556}") = "ThreeNineTests", "TestProject1\ThreeNineTests.csproj", "{F630688E-45D0-487E-8225-D73F39371E71}"
EndProject
Global
	GlobalSection(SolutionConfigurationPlatforms) = preSolution
		QA|Any CPU = QA|Any CPU
		UAT|Any CPU = UAT|Any CPU
	EndGlobalSection
	GlobalSection(ProjectConfigurationPlatforms) = postSolution
		{F630688E-45D0-487E-8225-D73F39371E71}.QA|Any CPU.ActiveCfg = QA|Any CPU
		{F630688E-45D0-487E-8225-D73F39371E71}.QA|Any CPU.Build.0 = QA|Any CPU
		{F630688E-45D0-487E-8225-D73F39371E71}.UAT|Any CPU.ActiveCfg = QA|Any CPU
		{F630688E-45D0-487E-8225-D73F39371E71}.UAT|Any CPU.Build.0 = QA|Any CPU
	EndGlobalSection
	GlobalSection(SolutionProperties) = preSolution
		HideSolutionNode = FALSE
	EndGlobalSection
	GlobalSection(ExtensibilityGlobals) = postSolution
		SolutionGuid = {F64F28BF-C210-468D-866F-80D275964700}
	EndGlobalSection
EndGlobal
